
Microsoft Visual Studio Solution File, Format Version 12.00
# Visual Studio 15
VisualStudioVersion = 15.0.28010.2016
MinimumVisualStudioVersion = 10.0.40219.1
Project("{2150E333-8FDC-42A3-9474-1A3956D46DE8}") = "src", "src", "{12F938EA-71CF-40D9-9721-91747640E810}"
EndProject
Project("{2150E333-8FDC-42A3-9474-1A3956D46DE8}") = "contracts", "contracts", "{F82F7452-80DC-456E-80DB-002298CFA452}"
EndProject
Project("{9A19103F-16F7-4668-BE54-9A1E7A4F7556}") = "Obligations", "Obligations\Obligations.csproj", "{A018D136-2B65-4B0C-B2AC-251031B9AE95}"
EndProject
Project("{9A19103F-16F7-4668-BE54-9A1E7A4F7556}") = "DataObjects", "DataObjects\DataObjects.csproj", "{C7C9B6FD-EEF3-4BC3-BA0C-DBD45C215609}"
EndProject
Project("{9A19103F-16F7-4668-BE54-9A1E7A4F7556}") = "CustomObjs", "CustomObjs\CustomObjs.csproj", "{75B5FBEA-F487-4BD6-8D92-427DFF257926}"
EndProject
Project("{9A19103F-16F7-4668-BE54-9A1E7A4F7556}") = "HttpService", "HttpService\HttpService.csproj", "{23F9433D-1CD5-4201-ADD4-96AD24BCDC28}"
EndProject
Project("{2150E333-8FDC-42A3-9474-1A3956D46DE8}") = "services", "services", "{88DC9B81-4F22-4F2D-8C78-8B726F1ABA6E}"
EndProject
Project("{9A19103F-16F7-4668-BE54-9A1E7A4F7556}") = "HandleResponseService", "HandleResponseService\HandleResponseService.csproj", "{549D2A93-C133-459E-A621-245121BCEA4D}"
EndProject
Project("{9A19103F-16F7-4668-BE54-9A1E7A4F7556}") = "CacheTheCowWebsite", "CacheTheCowWebsite\CacheTheCowWebsite.csproj", "{A930059F-3540-450E-9492-C52A0087B7FC}"
EndProject
Project("{9A19103F-16F7-4668-BE54-9A1E7A4F7556}") = "LePuppeteer", "Orchestrator\LePuppeteer.csproj", "{897F9B6B-37EA-4781-9A83-51700DAA20E6}"
EndProject
Project("{2150E333-8FDC-42A3-9474-1A3956D46DE8}") = "core", "core", "{FEC3311B-80CC-412A-9570-A7F520944769}"
EndProject
Project("{2150E333-8FDC-42A3-9474-1A3956D46DE8}") = "tests", "tests", "{CC0772E0-876E-4155-99AC-6C2EA5503CDD}"
EndProject
Project("{2150E333-8FDC-42A3-9474-1A3956D46DE8}") = "services", "services", "{5A0AFFEB-33D0-438B-9BCF-52F3EA34A133}"
EndProject
Project("{2150E333-8FDC-42A3-9474-1A3956D46DE8}") = "coreLogic", "coreLogic", "{24A902BA-1327-46C1-8DD0-52423C50754D}"
EndProject
Project("{9A19103F-16F7-4668-BE54-9A1E7A4F7556}") = "Acceptance", "Acceptance\Acceptance.csproj", "{184A9F73-C6CA-4571-845E-4E09067410EB}"
EndProject
Project("{9A19103F-16F7-4668-BE54-9A1E7A4F7556}") = "Dealer", "Dealer\Dealer.csproj", "{AE50BF07-BD9F-431D-8B96-7BB5A8940A4D}"
EndProject
Project("{2150E333-8FDC-42A3-9474-1A3956D46DE8}") = "presenter", "presenter", "{822C0688-05DC-4EB6-B9F7-F890A69D5F8C}"
EndProject
Project("{9A19103F-16F7-4668-BE54-9A1E7A4F7556}") = "PuppeteerUnitTests", "Units\PuppeteerUnitTests.csproj", "{DD35C7A7-0B7C-4A4A-936C-AE5877BD98CA}"
EndProject
Project("{9A19103F-16F7-4668-BE54-9A1E7A4F7556}") = "ServicesUnitTests", "ServicesUnitTests\ServicesUnitTests.csproj", "{2925AA0F-C925-46A3-BDCA-5714BC55D249}"
EndProject
Project("{2150E333-8FDC-42A3-9474-1A3956D46DE8}") = "docs", "docs", "{C8118249-8318-4544-AB97-D3A184D62FA5}"
	ProjectSection(SolutionItems) = preProject
		readme.txt = readme.txt
	EndProjectSection
EndProject
Global
	GlobalSection(SolutionConfigurationPlatforms) = preSolution
		Debug|Any CPU = Debug|Any CPU
		Release|Any CPU = Release|Any CPU
	EndGlobalSection
	GlobalSection(ProjectConfigurationPlatforms) = postSolution
		{A018D136-2B65-4B0C-B2AC-251031B9AE95}.Debug|Any CPU.ActiveCfg = Debug|Any CPU
		{A018D136-2B65-4B0C-B2AC-251031B9AE95}.Debug|Any CPU.Build.0 = Debug|Any CPU
		{A018D136-2B65-4B0C-B2AC-251031B9AE95}.Release|Any CPU.ActiveCfg = Release|Any CPU
		{A018D136-2B65-4B0C-B2AC-251031B9AE95}.Release|Any CPU.Build.0 = Release|Any CPU
		{C7C9B6FD-EEF3-4BC3-BA0C-DBD45C215609}.Debug|Any CPU.ActiveCfg = Debug|Any CPU
		{C7C9B6FD-EEF3-4BC3-BA0C-DBD45C215609}.Debug|Any CPU.Build.0 = Debug|Any CPU
		{C7C9B6FD-EEF3-4BC3-BA0C-DBD45C215609}.Release|Any CPU.ActiveCfg = Release|Any CPU
		{C7C9B6FD-EEF3-4BC3-BA0C-DBD45C215609}.Release|Any CPU.Build.0 = Release|Any CPU
		{75B5FBEA-F487-4BD6-8D92-427DFF257926}.Debug|Any CPU.ActiveCfg = Debug|Any CPU
		{75B5FBEA-F487-4BD6-8D92-427DFF257926}.Debug|Any CPU.Build.0 = Debug|Any CPU
		{75B5FBEA-F487-4BD6-8D92-427DFF257926}.Release|Any CPU.ActiveCfg = Release|Any CPU
		{75B5FBEA-F487-4BD6-8D92-427DFF257926}.Release|Any CPU.Build.0 = Release|Any CPU
		{23F9433D-1CD5-4201-ADD4-96AD24BCDC28}.Debug|Any CPU.ActiveCfg = Debug|Any CPU
		{23F9433D-1CD5-4201-ADD4-96AD24BCDC28}.Debug|Any CPU.Build.0 = Debug|Any CPU
		{23F9433D-1CD5-4201-ADD4-96AD24BCDC28}.Release|Any CPU.ActiveCfg = Release|Any CPU
		{23F9433D-1CD5-4201-ADD4-96AD24BCDC28}.Release|Any CPU.Build.0 = Release|Any CPU
		{549D2A93-C133-459E-A621-245121BCEA4D}.Debug|Any CPU.ActiveCfg = Debug|Any CPU
		{549D2A93-C133-459E-A621-245121BCEA4D}.Debug|Any CPU.Build.0 = Debug|Any CPU
		{549D2A93-C133-459E-A621-245121BCEA4D}.Release|Any CPU.ActiveCfg = Release|Any CPU
		{549D2A93-C133-459E-A621-245121BCEA4D}.Release|Any CPU.Build.0 = Release|Any CPU
		{A930059F-3540-450E-9492-C52A0087B7FC}.Debug|Any CPU.ActiveCfg = Debug|Any CPU
		{A930059F-3540-450E-9492-C52A0087B7FC}.Debug|Any CPU.Build.0 = Debug|Any CPU
		{A930059F-3540-450E-9492-C52A0087B7FC}.Release|Any CPU.ActiveCfg = Release|Any CPU
		{A930059F-3540-450E-9492-C52A0087B7FC}.Release|Any CPU.Build.0 = Release|Any CPU
		{897F9B6B-37EA-4781-9A83-51700DAA20E6}.Debug|Any CPU.ActiveCfg = Debug|Any CPU
		{897F9B6B-37EA-4781-9A83-51700DAA20E6}.Debug|Any CPU.Build.0 = Debug|Any CPU
		{897F9B6B-37EA-4781-9A83-51700DAA20E6}.Release|Any CPU.ActiveCfg = Release|Any CPU
		{897F9B6B-37EA-4781-9A83-51700DAA20E6}.Release|Any CPU.Build.0 = Release|Any CPU
		{184A9F73-C6CA-4571-845E-4E09067410EB}.Debug|Any CPU.ActiveCfg = Debug|Any CPU
		{184A9F73-C6CA-4571-845E-4E09067410EB}.Debug|Any CPU.Build.0 = Debug|Any CPU
		{184A9F73-C6CA-4571-845E-4E09067410EB}.Release|Any CPU.ActiveCfg = Release|Any CPU
		{184A9F73-C6CA-4571-845E-4E09067410EB}.Release|Any CPU.Build.0 = Release|Any CPU
		{AE50BF07-BD9F-431D-8B96-7BB5A8940A4D}.Debug|Any CPU.ActiveCfg = Debug|Any CPU
		{AE50BF07-BD9F-431D-8B96-7BB5A8940A4D}.Debug|Any CPU.Build.0 = Debug|Any CPU
		{AE50BF07-BD9F-431D-8B96-7BB5A8940A4D}.Release|Any CPU.ActiveCfg = Release|Any CPU
		{AE50BF07-BD9F-431D-8B96-7BB5A8940A4D}.Release|Any CPU.Build.0 = Release|Any CPU
		{DD35C7A7-0B7C-4A4A-936C-AE5877BD98CA}.Debug|Any CPU.ActiveCfg = Debug|Any CPU
		{DD35C7A7-0B7C-4A4A-936C-AE5877BD98CA}.Debug|Any CPU.Build.0 = Debug|Any CPU
		{DD35C7A7-0B7C-4A4A-936C-AE5877BD98CA}.Release|Any CPU.ActiveCfg = Release|Any CPU
		{DD35C7A7-0B7C-4A4A-936C-AE5877BD98CA}.Release|Any CPU.Build.0 = Release|Any CPU
		{2925AA0F-C925-46A3-BDCA-5714BC55D249}.Debug|Any CPU.ActiveCfg = Debug|Any CPU
		{2925AA0F-C925-46A3-BDCA-5714BC55D249}.Debug|Any CPU.Build.0 = Debug|Any CPU
		{2925AA0F-C925-46A3-BDCA-5714BC55D249}.Release|Any CPU.ActiveCfg = Release|Any CPU
		{2925AA0F-C925-46A3-BDCA-5714BC55D249}.Release|Any CPU.Build.0 = Release|Any CPU
	EndGlobalSection
	GlobalSection(SolutionProperties) = preSolution
		HideSolutionNode = FALSE
	EndGlobalSection
	GlobalSection(NestedProjects) = preSolution
		{F82F7452-80DC-456E-80DB-002298CFA452} = {12F938EA-71CF-40D9-9721-91747640E810}
		{A018D136-2B65-4B0C-B2AC-251031B9AE95} = {F82F7452-80DC-456E-80DB-002298CFA452}
		{C7C9B6FD-EEF3-4BC3-BA0C-DBD45C215609} = {F82F7452-80DC-456E-80DB-002298CFA452}
		{75B5FBEA-F487-4BD6-8D92-427DFF257926} = {F82F7452-80DC-456E-80DB-002298CFA452}
		{23F9433D-1CD5-4201-ADD4-96AD24BCDC28} = {88DC9B81-4F22-4F2D-8C78-8B726F1ABA6E}
		{88DC9B81-4F22-4F2D-8C78-8B726F1ABA6E} = {12F938EA-71CF-40D9-9721-91747640E810}
		{549D2A93-C133-459E-A621-245121BCEA4D} = {88DC9B81-4F22-4F2D-8C78-8B726F1ABA6E}
		{A930059F-3540-450E-9492-C52A0087B7FC} = {822C0688-05DC-4EB6-B9F7-F890A69D5F8C}
		{897F9B6B-37EA-4781-9A83-51700DAA20E6} = {FEC3311B-80CC-412A-9570-A7F520944769}
		{FEC3311B-80CC-412A-9570-A7F520944769} = {12F938EA-71CF-40D9-9721-91747640E810}
		{5A0AFFEB-33D0-438B-9BCF-52F3EA34A133} = {CC0772E0-876E-4155-99AC-6C2EA5503CDD}
		{24A902BA-1327-46C1-8DD0-52423C50754D} = {CC0772E0-876E-4155-99AC-6C2EA5503CDD}
		{184A9F73-C6CA-4571-845E-4E09067410EB} = {24A902BA-1327-46C1-8DD0-52423C50754D}
		{AE50BF07-BD9F-431D-8B96-7BB5A8940A4D} = {F82F7452-80DC-456E-80DB-002298CFA452}
		{822C0688-05DC-4EB6-B9F7-F890A69D5F8C} = {12F938EA-71CF-40D9-9721-91747640E810}
		{DD35C7A7-0B7C-4A4A-936C-AE5877BD98CA} = {24A902BA-1327-46C1-8DD0-52423C50754D}
		{2925AA0F-C925-46A3-BDCA-5714BC55D249} = {5A0AFFEB-33D0-438B-9BCF-52F3EA34A133}
	EndGlobalSection
	GlobalSection(ExtensibilityGlobals) = postSolution
		SolutionGuid = {076813E0-CC3E-47E7-85C8-2188AF6BC486}
	EndGlobalSection
EndGlobal
