
Microsoft Visual Studio Solution File, Format Version 12.00
# Visual Studio 15
VisualStudioVersion = 15.0.28010.2016
MinimumVisualStudioVersion = 10.0.40219.1
Project("{FAE04EC0-301F-11D3-BF4B-00C04F79EFBC}") = "CacheTheCow", "CacheTheCow\CacheTheCow.csproj", "{5AF53737-0B77-4AA3-B3C7-16AF5CE7DEA1}"
EndProject
Global
	GlobalSection(SolutionConfigurationPlatforms) = preSolution
		Debug|Any CPU = Debug|Any CPU
		Release|Any CPU = Release|Any CPU
	EndGlobalSection
	GlobalSection(ProjectConfigurationPlatforms) = postSolution
		{5AF53737-0B77-4AA3-B3C7-16AF5CE7DEA1}.Debug|Any CPU.ActiveCfg = Debug|Any CPU
		{5AF53737-0B77-4AA3-B3C7-16AF5CE7DEA1}.Debug|Any CPU.Build.0 = Debug|Any CPU
		{5AF53737-0B77-4AA3-B3C7-16AF5CE7DEA1}.Release|Any CPU.ActiveCfg = Release|Any CPU
		{5AF53737-0B77-4AA3-B3C7-16AF5CE7DEA1}.Release|Any CPU.Build.0 = Release|Any CPU
	EndGlobalSection
	GlobalSection(SolutionProperties) = preSolution
		HideSolutionNode = FALSE
	EndGlobalSection
	GlobalSection(ExtensibilityGlobals) = postSolution
		SolutionGuid = {076813E0-CC3E-47E7-85C8-2188AF6BC486}
	EndGlobalSection
EndGlobal
